
Microsoft Visual Studio Solution File, Format Version 12.00
# Visual Studio Version 17
VisualStudioVersion = 17.8.34525.116
MinimumVisualStudioVersion = 10.0.40219.1
Project("{8BC9CEB8-8B4A-11D0-8D11-00A0C91BC942}") = "Lec04_Class_Example", "Lec04_Class_Example\Lec04_Class_Example.vcxproj", "{953C57D7-4545-48C9-AEC6-832F3823FE28}"
EndProject
Global
	GlobalSection(SolutionConfigurationPlatforms) = preSolution
		Debug|x64 = Debug|x64
		Debug|x86 = Debug|x86
		Release|x64 = Release|x64
		Release|x86 = Release|x86
	EndGlobalSection
	GlobalSection(ProjectConfigurationPlatforms) = postSolution
		{953C57D7-4545-48C9-AEC6-832F3823FE28}.Debug|x64.ActiveCfg = Debug|x64
		{953C57D7-4545-48C9-AEC6-832F3823FE28}.Debug|x64.Build.0 = Debug|x64
		{953C57D7-4545-48C9-AEC6-832F3823FE28}.Debug|x86.ActiveCfg = Debug|Win32
		{953C57D7-4545-48C9-AEC6-832F3823FE28}.Debug|x86.Build.0 = Debug|Win32
		{953C57D7-4545-48C9-AEC6-832F3823FE28}.Release|x64.ActiveCfg = Release|x64
		{953C57D7-4545-48C9-AEC6-832F3823FE28}.Release|x64.Build.0 = Release|x64
		{953C57D7-4545-48C9-AEC6-832F3823FE28}.Release|x86.ActiveCfg = Release|Win32
		{953C57D7-4545-48C9-AEC6-832F3823FE28}.Release|x86.Build.0 = Release|Win32
	EndGlobalSection
	GlobalSection(SolutionProperties) = preSolution
		HideSolutionNode = FALSE
	EndGlobalSection
	GlobalSection(ExtensibilityGlobals) = postSolution
		SolutionGuid = {4914130A-C7EE-4D14-99E3-02875FEC94E4}
	EndGlobalSection
EndGlobal
